
Microsoft Visual Studio Solution File, Format Version 12.00
# Visual Studio Version 17
VisualStudioVersion = 17.14.36811.4 d17.14
MinimumVisualStudioVersion = 10.0.40219.1
Project("{FAE04EC0-301F-11D3-BF4B-00C04F79EFBC}") = "Billing_APP", "Billing_APP\Billing_APP.csproj", "{DD887B32-4A71-42EC-8C95-74FF2107E722}"
EndProject
Global
	GlobalSection(SolutionConfigurationPlatforms) = preSolution
		Debug|Any CPU = Debug|Any CPU
		Release|Any CPU = Release|Any CPU
	EndGlobalSection
	GlobalSection(ProjectConfigurationPlatforms) = postSolution
		{DD887B32-4A71-42EC-8C95-74FF2107E722}.Debug|Any CPU.ActiveCfg = Debug|Any CPU
		{DD887B32-4A71-42EC-8C95-74FF2107E722}.Debug|Any CPU.Build.0 = Debug|Any CPU
		{DD887B32-4A71-42EC-8C95-74FF2107E722}.Release|Any CPU.ActiveCfg = Release|Any CPU
		{DD887B32-4A71-42EC-8C95-74FF2107E722}.Release|Any CPU.Build.0 = Release|Any CPU
	EndGlobalSection
	GlobalSection(SolutionProperties) = preSolution
		HideSolutionNode = FALSE
	EndGlobalSection
	GlobalSection(ExtensibilityGlobals) = postSolution
		SolutionGuid = {2D8E433F-B930-4D95-99C9-38FA4D61FEF5}
	EndGlobalSection
EndGlobal
